schema: '2.0'
stages:
  data_cleaning:
    cmd: python src/data/data_cleaning.py
    deps:
    - path: data/raw/swiggy.csv
      hash: md5
      md5: 0b050b37dfe6cfbfaa18d7cb4e454377
      size: 7772212
    - path: src/data/data_cleaning.py
      hash: md5
      md5: f5ad421aafd57c91a1366fef5b226570
      size: 9519
    outs:
    - path: data/cleaned/swiggy_cleaned.csv
      hash: md5
      md5: 4918716e52fc57babdcd400dfb3c3f29
      size: 4508527
  data_preparation:
    cmd: python src/data/data_preparation.py
    deps:
    - path: data/cleaned/swiggy_cleaned.csv
      hash: md5
      md5: 4918716e52fc57babdcd400dfb3c3f29
      size: 4508527
    - path: src/data/data_preparation.py
      hash: md5
      md5: b97a07258b547e03768bab50f2f670ea
      size: 3007
    params:
      params.yaml:
        Data_Preparation.random_state: 30
        Data_Preparation.test_size: 0.25
    outs:
    - path: data/interim/test.csv
      hash: md5
      md5: 4be6a9db2289b695dae6d4d5c2e06c72
      size: 1126293
    - path: data/interim/train.csv
      hash: md5
      md5: 1a6aacadba0f42eb1ce2815afdad5e1e
      size: 3379276
  data_preprocessing:
    cmd: python src/features/data_preprocessing.py
    deps:
    - path: data/interim/test.csv
      hash: md5
      md5: 4be6a9db2289b695dae6d4d5c2e06c72
      size: 1126293
    - path: data/interim/train.csv
      hash: md5
      md5: 1a6aacadba0f42eb1ce2815afdad5e1e
      size: 3379276
    - path: src/features/data_preprocessing.py
      hash: md5
      md5: 03d53da557eae7adfd092b5de8b0af4b
      size: 6931
    outs:
    - path: data/processed/test_trans.csv
      hash: md5
      md5: 0cda4fe4ed050f63c6a8ced19594232c
      size: 1355235
    - path: data/processed/train_trans.csv
      hash: md5
      md5: 83be0e928daf5180263d9e469ed3107a
      size: 4063498
    - path: models/preprocessor.joblib
      hash: md5
      md5: d01d6a6ab40309073222211b06a47e73
      size: 8182
  train:
    cmd: python src/models/train.py
    deps:
    - path: data/processed/train_trans.csv
      hash: md5
      md5: 83be0e928daf5180263d9e469ed3107a
      size: 4063498
    - path: src/models/train.py
      hash: md5
      md5: b7b69ed8e77672b21bfffc93336aa161
      size: 4910
    params:
      params.yaml:
        Train.LightGBM:
          n_estimators: 154
          max_depth: 27
          learning_rate: 0.22234435854395157
          subsample: 0.7592213724048168
          min_child_weight: 20
          min_split_gain: 0.004604680609280751
          reg_lambda: 97.81002379097947
          n_jobs: -1
        Train.Random_Forest:
          n_estimators: 479
          criterion: squared_error
          max_depth: 17
          max_features: 1
          min_samples_split: 9
          min_samples_leaf: 2
          max_samples: 0.6603673526197066
          verbose: 1
          n_jobs: -1
    outs:
    - path: models/model.joblib
      hash: md5
      md5: ec17c5ca1bce5aa6bc60d1fa90549802
      size: 148944024
    - path: models/power_transformer.joblib
      hash: md5
      md5: c0c41711ee8d5765f24c12bca68e0a20
      size: 837
    - path: models/stacking_regressor.joblib
      hash: md5
      md5: 53de1824a4ae48d6778b47b4d8c8ea5a
      size: 148932474
  evaluation:
    cmd: python src/models/evaluation.py
    deps:
    - path: data/processed/test_trans.csv
      hash: md5
      md5: 0cda4fe4ed050f63c6a8ced19594232c
      size: 1355235
    - path: data/processed/train_trans.csv
      hash: md5
      md5: 83be0e928daf5180263d9e469ed3107a
      size: 4063498
    - path: models/model.joblib
      hash: md5
      md5: ec17c5ca1bce5aa6bc60d1fa90549802
      size: 148944024
    - path: src/models/evaluation.py
      hash: md5
      md5: 773170f30d0822f645ffe226686db731
      size: 6046
    outs:
    - path: run_information.json
      hash: md5
      md5: fb2d3eb752024932eaefc79e11e220e2
      size: 220
  register_model:
    cmd: python src/models/register_model.py
    deps:
    - path: run_information.json
      hash: md5
      md5: fb2d3eb752024932eaefc79e11e220e2
      size: 220
    - path: src/models/register_model.py
      hash: md5
      md5: aa6465666d3e8bde06d9f2807f61e61a
      size: 2184
